
Microsoft Visual Studio Solution File, Format Version 12.00
# Visual Studio Version 16
VisualStudioVersion = 16.0.31019.35
MinimumVisualStudioVersion = 10.0.40219.1
Project("{FAE04EC0-301F-11D3-BF4B-00C04F79EFBC}") = "Arcanoid", "Arcanoid\Arcanoid.csproj", "{A30E5A69-C5AF-43C6-AE8B-A8FCB402998C}"
EndProject
Global
	GlobalSection(SolutionConfigurationPlatforms) = preSolution
		Debug|Any CPU = Debug|Any CPU
		Release|Any CPU = Release|Any CPU
	EndGlobalSection
	GlobalSection(ProjectConfigurationPlatforms) = postSolution
		{A30E5A69-C5AF-43C6-AE8B-A8FCB402998C}.Debug|Any CPU.ActiveCfg = Debug|Any CPU
		{A30E5A69-C5AF-43C6-AE8B-A8FCB402998C}.Debug|Any CPU.Build.0 = Debug|Any CPU
		{A30E5A69-C5AF-43C6-AE8B-A8FCB402998C}.Release|Any CPU.ActiveCfg = Release|Any CPU
		{A30E5A69-C5AF-43C6-AE8B-A8FCB402998C}.Release|Any CPU.Build.0 = Release|Any CPU
	EndGlobalSection
	GlobalSection(SolutionProperties) = preSolution
		HideSolutionNode = FALSE
	EndGlobalSection
	GlobalSection(ExtensibilityGlobals) = postSolution
		SolutionGuid = {7BE7A1BA-7348-4094-B85E-924673EB69BA}
	EndGlobalSection
EndGlobal
